
Microsoft Visual Studio Solution File, Format Version 12.00
# Visual Studio Version 16
VisualStudioVersion = 16.0.30011.22
MinimumVisualStudioVersion = 10.0.40219.1
Project("{D954291E-2A0B-460D-934E-DC6B0785DB48}") = "TWXApplicationWrapper", "..\..\..\SharedProjects\ProofOfConcepts\TWXApplicationWrapper\TWXApplicationWrapper.shproj", "{5AB2A9B6-1DAC-4B22-A20F-36D9D44EB218}"
EndProject
Project("{FAE04EC0-301F-11D3-BF4B-00C04F79EFBC}") = "TWSample.Xamarin.watchOS.WatchOSExtension", "..\..\..\SharedProjects\ScratchPadApplications\TWSample.Xamarin.watchOS\TWSample.Xamarin.watchOS.WatchOSExtension\TWSample.Xamarin.watchOS.WatchOSExtension.csproj", "{C40E805D-B90A-4E4E-A05C-8F4A66E0DABD}"
EndProject
Project("{FAE04EC0-301F-11D3-BF4B-00C04F79EFBC}") = "TWSample.Xamarin.watchOS.WatchOSApp", "..\..\..\SharedProjects\ScratchPadApplications\TWSample.Xamarin.watchOS\TWSample.Xamarin.watchOS.WatchOSApp\TWSample.Xamarin.watchOS.WatchOSApp.csproj", "{59B04B90-76F4-41AF-B892-FDADC9126505}"
EndProject
Global
	GlobalSection(SharedMSBuildProjectFiles) = preSolution
		..\..\..\SharedProjects\ProofOfConcepts\TWXApplicationWrapper\TWXApplicationWrapper.projitems*{5ab2a9b6-1dac-4b22-a20f-36d9d44eb218}*SharedItemsImports = 13
	EndGlobalSection
	GlobalSection(SolutionConfigurationPlatforms) = preSolution
		Debug|iPhone = Debug|iPhone
		Debug|iPhoneSimulator = Debug|iPhoneSimulator
		Release|iPhone = Release|iPhone
		Release|iPhoneSimulator = Release|iPhoneSimulator
	EndGlobalSection
	GlobalSection(ProjectConfigurationPlatforms) = postSolution
		{C40E805D-B90A-4E4E-A05C-8F4A66E0DABD}.Debug|iPhone.ActiveCfg = Debug|iPhone
		{C40E805D-B90A-4E4E-A05C-8F4A66E0DABD}.Debug|iPhone.Build.0 = Debug|iPhone
		{C40E805D-B90A-4E4E-A05C-8F4A66E0DABD}.Debug|iPhoneSimulator.ActiveCfg = Debug|iPhoneSimulator
		{C40E805D-B90A-4E4E-A05C-8F4A66E0DABD}.Debug|iPhoneSimulator.Build.0 = Debug|iPhoneSimulator
		{C40E805D-B90A-4E4E-A05C-8F4A66E0DABD}.Release|iPhone.ActiveCfg = Release|iPhone
		{C40E805D-B90A-4E4E-A05C-8F4A66E0DABD}.Release|iPhone.Build.0 = Release|iPhone
		{C40E805D-B90A-4E4E-A05C-8F4A66E0DABD}.Release|iPhoneSimulator.ActiveCfg = Release|iPhoneSimulator
		{C40E805D-B90A-4E4E-A05C-8F4A66E0DABD}.Release|iPhoneSimulator.Build.0 = Release|iPhoneSimulator
		{59B04B90-76F4-41AF-B892-FDADC9126505}.Debug|iPhone.ActiveCfg = Debug|iPhone
		{59B04B90-76F4-41AF-B892-FDADC9126505}.Debug|iPhone.Build.0 = Debug|iPhone
		{59B04B90-76F4-41AF-B892-FDADC9126505}.Debug|iPhoneSimulator.ActiveCfg = Debug|iPhoneSimulator
		{59B04B90-76F4-41AF-B892-FDADC9126505}.Debug|iPhoneSimulator.Build.0 = Debug|iPhoneSimulator
		{59B04B90-76F4-41AF-B892-FDADC9126505}.Release|iPhone.ActiveCfg = Release|iPhone
		{59B04B90-76F4-41AF-B892-FDADC9126505}.Release|iPhone.Build.0 = Release|iPhone
		{59B04B90-76F4-41AF-B892-FDADC9126505}.Release|iPhoneSimulator.ActiveCfg = Release|iPhoneSimulator
		{59B04B90-76F4-41AF-B892-FDADC9126505}.Release|iPhoneSimulator.Build.0 = Release|iPhoneSimulator
	EndGlobalSection
	GlobalSection(SolutionProperties) = preSolution
		HideSolutionNode = FALSE
	EndGlobalSection
	GlobalSection(ExtensibilityGlobals) = postSolution
		SolutionGuid = {F977602B-859C-4451-9F69-14ECF13F90C6}
	EndGlobalSection
EndGlobal
