
Microsoft Visual Studio Solution File, Format Version 12.00
# Visual Studio Version 16
VisualStudioVersion = 16.0.31019.35
MinimumVisualStudioVersion = 10.0.40219.1
Project("{8BC9CEB8-8B4A-11D0-8D11-00A0C91BC942}") = "TWCore.TestWindowsGTest", "..\..\..\..\TallyWorld\FoundationalPlatform\TWCore.Test\PlatformProjects\TWCore.TestWindowsGTest\TWCore.TestWindowsGTest.vcxproj", "{FA1185C8-5972-44C1-90E0-8B7E26C3CC70}"
EndProject
Project("{2150E333-8FDC-42A3-9474-1A3956D46DE8}") = "DevSupportPlatform", "DevSupportPlatform", "{4577C6ED-7B43-4DB3-8072-352F6DF9B74A}"
EndProject
Project("{2150E333-8FDC-42A3-9474-1A3956D46DE8}") = "Source", "Source", "{61BC1104-85EA-4AF2-AB8C-98DF2B4D9E1D}"
EndProject
Project("{8BC9CEB8-8B4A-11D0-8D11-00A0C91BC942}") = "TWDevSupport", "..\..\..\..\TallyWorld\DevSupportPlatform\TWDevSupport.Source\TWDevSupport.vcxitems", "{37D30608-4B54-4824-9070-5349C5502F7B}"
EndProject
Project("{2150E333-8FDC-42A3-9474-1A3956D46DE8}") = "FoundationalPlatform", "FoundationalPlatform", "{200577F3-745E-4DA5-A3F6-DBB1950C4FD9}"
EndProject
Project("{2150E333-8FDC-42A3-9474-1A3956D46DE8}") = "Source", "Source", "{1A203EB3-0745-4D82-A4BC-F4879F33E6FB}"
EndProject
Project("{8BC9CEB8-8B4A-11D0-8D11-00A0C91BC942}") = "TWCore", "..\..\..\..\TallyWorld\FoundationalPlatform\TWCore.Source\TWCore.vcxitems", "{F26ACE5E-C717-4BCF-9805-34AD95CC97AE}"
EndProject
Project("{8BC9CEB8-8B4A-11D0-8D11-00A0C91BC942}") = "TWCore.Test", "..\..\..\..\TallyWorld\FoundationalPlatform\TWCore.Test\TWCore.Test.vcxitems", "{6FE93B9B-02A4-486B-9FA9-510A61EFA0DE}"
EndProject
Project("{8BC9CEB8-8B4A-11D0-8D11-00A0C91BC942}") = "TWUniversalWindowsLib", "..\..\..\..\TallyWorld\UniversalPlatform\TWUniversal.Source\PlatformProjects\TWUniversalWindowsLib\TWUniversalWindowsLib.vcxproj", "{974A80DD-A138-45E9-AB09-963ECCF1595B}"
EndProject
Global
	GlobalSection(SharedMSBuildProjectFiles) = preSolution
		..\..\..\..\TallyWorld\DevSupportPlatform\TWDevSupport.Source\TWDevSupport.vcxitems*{37d30608-4b54-4824-9070-5349c5502f7b}*SharedItemsImports = 9
		..\..\..\..\TallyWorld\UniversalPlatform\TWUniversal.Source\TWUniversal.vcxitems*{974a80dd-a138-45e9-ab09-963eccf1595b}*SharedItemsImports = 4
		..\..\..\..\TallyWorld\DevSupportPlatform\TWDevSupport.Source\TWDevSupport.vcxitems*{fa1185c8-5972-44c1-90e0-8b7e26c3cc70}*SharedItemsImports = 4
		..\..\..\..\TallyWorld\FoundationalPlatform\TWCore.Source\TWCore.vcxitems*{fa1185c8-5972-44c1-90e0-8b7e26c3cc70}*SharedItemsImports = 4
		..\..\..\..\TallyWorld\FoundationalPlatform\TWCore.Test\TWCore.Test.vcxitems*{fa1185c8-5972-44c1-90e0-8b7e26c3cc70}*SharedItemsImports = 4
	EndGlobalSection
	GlobalSection(SolutionConfigurationPlatforms) = preSolution
		TWDebug|ARM64 = TWDebug|ARM64
		TWDebug|x64 = TWDebug|x64
		TWDiagnostics|ARM64 = TWDiagnostics|ARM64
		TWDiagnostics|x64 = TWDiagnostics|x64
		TWMetricsOnly|ARM64 = TWMetricsOnly|ARM64
		TWMetricsOnly|x64 = TWMetricsOnly|x64
		TWRelease|ARM64 = TWRelease|ARM64
		TWRelease|x64 = TWRelease|x64
		TWSimulation|ARM64 = TWSimulation|ARM64
		TWSimulation|x64 = TWSimulation|x64
		TWSimulationOnly|ARM64 = TWSimulationOnly|ARM64
		TWSimulationOnly|x64 = TWSimulationOnly|x64
		TWTraceOnly|ARM64 = TWTraceOnly|ARM64
		TWTraceOnly|x64 = TWTraceOnly|x64
		VSDebug|ARM64 = VSDebug|ARM64
		VSDebug|x64 = VSDebug|x64
	EndGlobalSection
	GlobalSection(ProjectConfigurationPlatforms) = postSolution
		{FA1185C8-5972-44C1-90E0-8B7E26C3CC70}.TWDebug|ARM64.ActiveCfg = TWDebug|ARM64
		{FA1185C8-5972-44C1-90E0-8B7E26C3CC70}.TWDebug|ARM64.Build.0 = TWDebug|ARM64
		{FA1185C8-5972-44C1-90E0-8B7E26C3CC70}.TWDebug|x64.ActiveCfg = TWDebug|x64
		{FA1185C8-5972-44C1-90E0-8B7E26C3CC70}.TWDebug|x64.Build.0 = TWDebug|x64
		{FA1185C8-5972-44C1-90E0-8B7E26C3CC70}.TWDiagnostics|ARM64.ActiveCfg = TWDebug|ARM64
		{FA1185C8-5972-44C1-90E0-8B7E26C3CC70}.TWDiagnostics|ARM64.Build.0 = TWDebug|ARM64
		{FA1185C8-5972-44C1-90E0-8B7E26C3CC70}.TWDiagnostics|x64.ActiveCfg = TWDebug|x64
		{FA1185C8-5972-44C1-90E0-8B7E26C3CC70}.TWDiagnostics|x64.Build.0 = TWDebug|x64
		{FA1185C8-5972-44C1-90E0-8B7E26C3CC70}.TWMetricsOnly|ARM64.ActiveCfg = TWSimulationOnly|ARM64
		{FA1185C8-5972-44C1-90E0-8B7E26C3CC70}.TWMetricsOnly|ARM64.Build.0 = TWSimulationOnly|ARM64
		{FA1185C8-5972-44C1-90E0-8B7E26C3CC70}.TWMetricsOnly|x64.ActiveCfg = TWSimulationOnly|x64
		{FA1185C8-5972-44C1-90E0-8B7E26C3CC70}.TWMetricsOnly|x64.Build.0 = TWSimulationOnly|x64
		{FA1185C8-5972-44C1-90E0-8B7E26C3CC70}.TWRelease|ARM64.ActiveCfg = TWRelease|ARM64
		{FA1185C8-5972-44C1-90E0-8B7E26C3CC70}.TWRelease|ARM64.Build.0 = TWRelease|ARM64
		{FA1185C8-5972-44C1-90E0-8B7E26C3CC70}.TWRelease|x64.ActiveCfg = TWRelease|x64
		{FA1185C8-5972-44C1-90E0-8B7E26C3CC70}.TWRelease|x64.Build.0 = TWRelease|x64
		{FA1185C8-5972-44C1-90E0-8B7E26C3CC70}.TWSimulation|ARM64.ActiveCfg = TWSimulation|ARM64
		{FA1185C8-5972-44C1-90E0-8B7E26C3CC70}.TWSimulation|ARM64.Build.0 = TWSimulation|ARM64
		{FA1185C8-5972-44C1-90E0-8B7E26C3CC70}.TWSimulation|x64.ActiveCfg = TWSimulation|x64
		{FA1185C8-5972-44C1-90E0-8B7E26C3CC70}.TWSimulation|x64.Build.0 = TWSimulation|x64
		{FA1185C8-5972-44C1-90E0-8B7E26C3CC70}.TWSimulationOnly|ARM64.ActiveCfg = TWSimulationOnly|ARM64
		{FA1185C8-5972-44C1-90E0-8B7E26C3CC70}.TWSimulationOnly|ARM64.Build.0 = TWSimulationOnly|ARM64
		{FA1185C8-5972-44C1-90E0-8B7E26C3CC70}.TWSimulationOnly|x64.ActiveCfg = TWSimulationOnly|x64
		{FA1185C8-5972-44C1-90E0-8B7E26C3CC70}.TWSimulationOnly|x64.Build.0 = TWSimulationOnly|x64
		{FA1185C8-5972-44C1-90E0-8B7E26C3CC70}.TWTraceOnly|ARM64.ActiveCfg = TWSimulationOnly|ARM64
		{FA1185C8-5972-44C1-90E0-8B7E26C3CC70}.TWTraceOnly|ARM64.Build.0 = TWSimulationOnly|ARM64
		{FA1185C8-5972-44C1-90E0-8B7E26C3CC70}.TWTraceOnly|x64.ActiveCfg = TWSimulationOnly|x64
		{FA1185C8-5972-44C1-90E0-8B7E26C3CC70}.TWTraceOnly|x64.Build.0 = TWSimulationOnly|x64
		{FA1185C8-5972-44C1-90E0-8B7E26C3CC70}.VSDebug|ARM64.ActiveCfg = VSDebug|ARM64
		{FA1185C8-5972-44C1-90E0-8B7E26C3CC70}.VSDebug|ARM64.Build.0 = VSDebug|ARM64
		{FA1185C8-5972-44C1-90E0-8B7E26C3CC70}.VSDebug|x64.ActiveCfg = VSDebug|x64
		{FA1185C8-5972-44C1-90E0-8B7E26C3CC70}.VSDebug|x64.Build.0 = VSDebug|x64
		{974A80DD-A138-45E9-AB09-963ECCF1595B}.TWDebug|ARM64.ActiveCfg = TWDebug|ARM64
		{974A80DD-A138-45E9-AB09-963ECCF1595B}.TWDebug|ARM64.Build.0 = TWDebug|ARM64
		{974A80DD-A138-45E9-AB09-963ECCF1595B}.TWDebug|x64.ActiveCfg = TWDebug|x64
		{974A80DD-A138-45E9-AB09-963ECCF1595B}.TWDebug|x64.Build.0 = TWDebug|x64
		{974A80DD-A138-45E9-AB09-963ECCF1595B}.TWDiagnostics|ARM64.ActiveCfg = TWDiagnostics|ARM64
		{974A80DD-A138-45E9-AB09-963ECCF1595B}.TWDiagnostics|ARM64.Build.0 = TWDiagnostics|ARM64
		{974A80DD-A138-45E9-AB09-963ECCF1595B}.TWDiagnostics|x64.ActiveCfg = TWDiagnostics|x64
		{974A80DD-A138-45E9-AB09-963ECCF1595B}.TWDiagnostics|x64.Build.0 = TWDiagnostics|x64
		{974A80DD-A138-45E9-AB09-963ECCF1595B}.TWMetricsOnly|ARM64.ActiveCfg = TWMetricsOnly|ARM64
		{974A80DD-A138-45E9-AB09-963ECCF1595B}.TWMetricsOnly|ARM64.Build.0 = TWMetricsOnly|ARM64
		{974A80DD-A138-45E9-AB09-963ECCF1595B}.TWMetricsOnly|x64.ActiveCfg = TWMetricsOnly|x64
		{974A80DD-A138-45E9-AB09-963ECCF1595B}.TWMetricsOnly|x64.Build.0 = TWMetricsOnly|x64
		{974A80DD-A138-45E9-AB09-963ECCF1595B}.TWRelease|ARM64.ActiveCfg = TWRelease|ARM64
		{974A80DD-A138-45E9-AB09-963ECCF1595B}.TWRelease|ARM64.Build.0 = TWRelease|ARM64
		{974A80DD-A138-45E9-AB09-963ECCF1595B}.TWRelease|x64.ActiveCfg = TWRelease|x64
		{974A80DD-A138-45E9-AB09-963ECCF1595B}.TWRelease|x64.Build.0 = TWRelease|x64
		{974A80DD-A138-45E9-AB09-963ECCF1595B}.TWSimulation|ARM64.ActiveCfg = TWSimulation|ARM64
		{974A80DD-A138-45E9-AB09-963ECCF1595B}.TWSimulation|ARM64.Build.0 = TWSimulation|ARM64
		{974A80DD-A138-45E9-AB09-963ECCF1595B}.TWSimulation|x64.ActiveCfg = TWSimulation|x64
		{974A80DD-A138-45E9-AB09-963ECCF1595B}.TWSimulation|x64.Build.0 = TWSimulation|x64
		{974A80DD-A138-45E9-AB09-963ECCF1595B}.TWSimulationOnly|ARM64.ActiveCfg = TWSimulationOnly|ARM64
		{974A80DD-A138-45E9-AB09-963ECCF1595B}.TWSimulationOnly|ARM64.Build.0 = TWSimulationOnly|ARM64
		{974A80DD-A138-45E9-AB09-963ECCF1595B}.TWSimulationOnly|x64.ActiveCfg = TWSimulationOnly|x64
		{974A80DD-A138-45E9-AB09-963ECCF1595B}.TWSimulationOnly|x64.Build.0 = TWSimulationOnly|x64
		{974A80DD-A138-45E9-AB09-963ECCF1595B}.TWTraceOnly|ARM64.ActiveCfg = TWTraceOnly|ARM64
		{974A80DD-A138-45E9-AB09-963ECCF1595B}.TWTraceOnly|ARM64.Build.0 = TWTraceOnly|ARM64
		{974A80DD-A138-45E9-AB09-963ECCF1595B}.TWTraceOnly|x64.ActiveCfg = TWTraceOnly|x64
		{974A80DD-A138-45E9-AB09-963ECCF1595B}.TWTraceOnly|x64.Build.0 = TWTraceOnly|x64
		{974A80DD-A138-45E9-AB09-963ECCF1595B}.VSDebug|ARM64.ActiveCfg = VSDebug|ARM64
		{974A80DD-A138-45E9-AB09-963ECCF1595B}.VSDebug|ARM64.Build.0 = VSDebug|ARM64
		{974A80DD-A138-45E9-AB09-963ECCF1595B}.VSDebug|x64.ActiveCfg = VSDebug|x64
		{974A80DD-A138-45E9-AB09-963ECCF1595B}.VSDebug|x64.Build.0 = VSDebug|x64
	EndGlobalSection
	GlobalSection(SolutionProperties) = preSolution
		HideSolutionNode = FALSE
	EndGlobalSection
	GlobalSection(NestedProjects) = preSolution
		{61BC1104-85EA-4AF2-AB8C-98DF2B4D9E1D} = {4577C6ED-7B43-4DB3-8072-352F6DF9B74A}
		{37D30608-4B54-4824-9070-5349C5502F7B} = {61BC1104-85EA-4AF2-AB8C-98DF2B4D9E1D}
		{1A203EB3-0745-4D82-A4BC-F4879F33E6FB} = {200577F3-745E-4DA5-A3F6-DBB1950C4FD9}
		{F26ACE5E-C717-4BCF-9805-34AD95CC97AE} = {1A203EB3-0745-4D82-A4BC-F4879F33E6FB}
		{6FE93B9B-02A4-486B-9FA9-510A61EFA0DE} = {1A203EB3-0745-4D82-A4BC-F4879F33E6FB}
	EndGlobalSection
	GlobalSection(ExtensibilityGlobals) = postSolution
		SolutionGuid = {FA9A64B5-2D25-4D0C-917F-ED1A4111DB93}
	EndGlobalSection
EndGlobal
