
Microsoft Visual Studio Solution File, Format Version 12.00
# Visual Studio Version 16
VisualStudioVersion = 16.0.30717.126
MinimumVisualStudioVersion = 10.0.40219.1
Project("{8BC9CEB8-8B4A-11D0-8D11-00A0C91BC942}") = "HelloWorld", "HelloWorld\HelloWorld.vcxproj", "{19476533-9352-4914-B772-C84228146D69}"
EndProject
Global
	GlobalSection(SolutionConfigurationPlatforms) = preSolution
		Debug|x64 = Debug|x64
		Debug|x86 = Debug|x86
		Release|x64 = Release|x64
		Release|x86 = Release|x86
	EndGlobalSection
	GlobalSection(ProjectConfigurationPlatforms) = postSolution
		{19476533-9352-4914-B772-C84228146D69}.Debug|x64.ActiveCfg = Debug|x64
		{19476533-9352-4914-B772-C84228146D69}.Debug|x64.Build.0 = Debug|x64
		{19476533-9352-4914-B772-C84228146D69}.Debug|x86.ActiveCfg = Debug|Win32
		{19476533-9352-4914-B772-C84228146D69}.Debug|x86.Build.0 = Debug|Win32
		{19476533-9352-4914-B772-C84228146D69}.Release|x64.ActiveCfg = Release|x64
		{19476533-9352-4914-B772-C84228146D69}.Release|x64.Build.0 = Release|x64
		{19476533-9352-4914-B772-C84228146D69}.Release|x86.ActiveCfg = Release|Win32
		{19476533-9352-4914-B772-C84228146D69}.Release|x86.Build.0 = Release|Win32
	EndGlobalSection
	GlobalSection(SolutionProperties) = preSolution
		HideSolutionNode = FALSE
	EndGlobalSection
	GlobalSection(ExtensibilityGlobals) = postSolution
		SolutionGuid = {D3C41D31-6850-453C-A284-3004408A2687}
	EndGlobalSection
EndGlobal
