
Microsoft Visual Studio Solution File, Format Version 12.00
# Visual Studio Version 16
VisualStudioVersion = 16.0.30011.22
MinimumVisualStudioVersion = 10.0.40219.1
Project("{FAE04EC0-301F-11D3-BF4B-00C04F79EFBC}") = "ExpenseIt", "ExpenseIt.csproj", "{FE7F0D78-1F52-48B5-9AB2-2E8F6E8218DA}"
EndProject
Project("{FAE04EC0-301F-11D3-BF4B-00C04F79EFBC}") = "ExpenseIt_NetCore", "..\ExpenseIt_NetCore\ExpenseIt_NetCore.csproj", "{94CFB7E3-A334-4EE9-B2E5-4BCF749269A9}"
EndProject
Project("{FAE04EC0-301F-11D3-BF4B-00C04F79EFBC}") = "ExpenseIt_NetCore_CSOnly", "..\ExpenseIt_NetCore_CSOnly\ExpenseIt_NetCore_CSOnly.csproj", "{4005E23C-64E6-4691-ADFB-85629CE8A6FB}"
EndProject
Global
	GlobalSection(SolutionConfigurationPlatforms) = preSolution
		Debug|Any CPU = Debug|Any CPU
		Release|Any CPU = Release|Any CPU
	EndGlobalSection
	GlobalSection(ProjectConfigurationPlatforms) = postSolution
		{FE7F0D78-1F52-48B5-9AB2-2E8F6E8218DA}.Debug|Any CPU.ActiveCfg = Debug|Any CPU
		{FE7F0D78-1F52-48B5-9AB2-2E8F6E8218DA}.Debug|Any CPU.Build.0 = Debug|Any CPU
		{FE7F0D78-1F52-48B5-9AB2-2E8F6E8218DA}.Release|Any CPU.ActiveCfg = Release|Any CPU
		{FE7F0D78-1F52-48B5-9AB2-2E8F6E8218DA}.Release|Any CPU.Build.0 = Release|Any CPU
		{94CFB7E3-A334-4EE9-B2E5-4BCF749269A9}.Debug|Any CPU.ActiveCfg = Debug|Any CPU
		{94CFB7E3-A334-4EE9-B2E5-4BCF749269A9}.Debug|Any CPU.Build.0 = Debug|Any CPU
		{94CFB7E3-A334-4EE9-B2E5-4BCF749269A9}.Release|Any CPU.ActiveCfg = Release|Any CPU
		{94CFB7E3-A334-4EE9-B2E5-4BCF749269A9}.Release|Any CPU.Build.0 = Release|Any CPU
		{4005E23C-64E6-4691-ADFB-85629CE8A6FB}.Debug|Any CPU.ActiveCfg = Debug|Any CPU
		{4005E23C-64E6-4691-ADFB-85629CE8A6FB}.Debug|Any CPU.Build.0 = Debug|Any CPU
		{4005E23C-64E6-4691-ADFB-85629CE8A6FB}.Release|Any CPU.ActiveCfg = Release|Any CPU
		{4005E23C-64E6-4691-ADFB-85629CE8A6FB}.Release|Any CPU.Build.0 = Release|Any CPU
	EndGlobalSection
	GlobalSection(SolutionProperties) = preSolution
		HideSolutionNode = FALSE
	EndGlobalSection
	GlobalSection(ExtensibilityGlobals) = postSolution
		SolutionGuid = {3025168C-8A5C-4B42-AF5F-0210E9D0C61E}
	EndGlobalSection
EndGlobal
