
Microsoft Visual Studio Solution File, Format Version 12.00
# Visual Studio Version 16
VisualStudioVersion = 16.0.30621.155
MinimumVisualStudioVersion = 10.0.40219.1
Project("{FAE04EC0-301F-11D3-BF4B-00C04F79EFBC}") = "CSharpIneroperability", "CSharpIneroperability\CSharpIneroperability.csproj", "{09886559-35B0-438C-B750-ABC3CF89B8B0}"
EndProject
Global
	GlobalSection(SolutionConfigurationPlatforms) = preSolution
		Debug|Any CPU = Debug|Any CPU
		Release|Any CPU = Release|Any CPU
	EndGlobalSection
	GlobalSection(ProjectConfigurationPlatforms) = postSolution
		{09886559-35B0-438C-B750-ABC3CF89B8B0}.Debug|Any CPU.ActiveCfg = Debug|Any CPU
		{09886559-35B0-438C-B750-ABC3CF89B8B0}.Debug|Any CPU.Build.0 = Debug|Any CPU
		{09886559-35B0-438C-B750-ABC3CF89B8B0}.Release|Any CPU.ActiveCfg = Release|Any CPU
		{09886559-35B0-438C-B750-ABC3CF89B8B0}.Release|Any CPU.Build.0 = Release|Any CPU
	EndGlobalSection
	GlobalSection(SolutionProperties) = preSolution
		HideSolutionNode = FALSE
	EndGlobalSection
	GlobalSection(ExtensibilityGlobals) = postSolution
		SolutionGuid = {91886BBE-4EC4-4F37-8841-A14083602FC3}
	EndGlobalSection
EndGlobal
